
Microsoft Visual Studio Solution File, Format Version 12.00
# Visual Studio Version 17
VisualStudioVersion = 17.1.32421.90
MinimumVisualStudioVersion = 10.0.40219.1
Project("{FAE04EC0-301F-11D3-BF4B-00C04F79EFBC}") = "udemyCsharp", "udemyCsharp.csproj", "{8F32D18B-7722-47A5-9EC2-AC4E462AABCF}"
EndProject
Global
	GlobalSection(SolutionConfigurationPlatforms) = preSolution
		Debug|Any CPU = Debug|Any CPU
		Release|Any CPU = Release|Any CPU
	EndGlobalSection
	GlobalSection(ProjectConfigurationPlatforms) = postSolution
		{8F32D18B-7722-47A5-9EC2-AC4E462AABCF}.Debug|Any CPU.ActiveCfg = Debug|Any CPU
		{8F32D18B-7722-47A5-9EC2-AC4E462AABCF}.Debug|Any CPU.Build.0 = Debug|Any CPU
		{8F32D18B-7722-47A5-9EC2-AC4E462AABCF}.Release|Any CPU.ActiveCfg = Release|Any CPU
		{8F32D18B-7722-47A5-9EC2-AC4E462AABCF}.Release|Any CPU.Build.0 = Release|Any CPU
	EndGlobalSection
	GlobalSection(SolutionProperties) = preSolution
		HideSolutionNode = FALSE
	EndGlobalSection
	GlobalSection(ExtensibilityGlobals) = postSolution
		SolutionGuid = {165BE780-0B8D-4346-95BC-72D3A59701B5}
	EndGlobalSection
EndGlobal
